github.com/bytedance/sonic v1.9.1 h1:6iJ6cvQC4XPN6KMGnLqM2WX61oRHKeM15hGeKH+M2M0=
github.com/bytedance/sonic v1.9.1/go.mod h1:i736XYb4kkwhzTOGqPSnTXhW51YXBBvuzvHzaV6pE50=
github.com/chenzhuoyu/base64x v0.0.0-20221115062448-fe3a3abad311 h1:qSGYFHwms/Dq/vhkKE8sHnL6727aJGMeNLvv0XGLbGU=
github.com/chenzhuoyu/base64x v0.0.0-20221115062448-fe3a3abad311/go.mod h1:b5MaWmCL7hMcuLU6j55Nnc52M4a0505VGzpW0RZ2yvg=
github.com/gabriel-vasile/mimetype v1.4.2 h1:w5niPyCBLHfqHGIev9Cvo7wVZXIp7mg/BFy9j1JZSMY=
github.com/gabriel-vasile/mimetype v1.4.2/go.mod h1:zA2lVwj7PkXj+DkeV735lUwm8/5M1JjbrV14+2Wj8bI=
github.com/gin-contrib/cors v1.7.0 h1:h4j+n9hQp2G4/mY8Y4oH+OudWl4Yw65f3tJ5t0j3s40=
github.com/gin-contrib/cors v1.7.0/go.mod h1:2s260n3h/23H/c3Xz2Hj1lQJp01v/F1s64uT40yG590=
github.com/gin-contrib/sse v0.1.0 h1:Y9eeUqnEZfvEhKTTX2weKWzPqx85x5h84PsuBDRg8oM=
github.com/gin-contrib/sse v0.1.0/go.mod h1:RHrLQf3UX5xMvRKKmZuKQ0M+dClHQsWqy46t31jMz28=
github.com/gin-gonic/gin v1.9.1 h1:4idEAncIFgfeMCPG53UZFyZChWo39oxp62RJ86UfFYw=
github.com/gin-gonic/gin v1.9.1/go.mod h1:hPrL7YrpVJSQvqMHbmdAXlHMVRBUijFZmHtnEYvBDRM=
github.com/go-playground/locales v0.14.1 h1:EWaMV5KTKvu7vNFp07x5WfdgNXf68E77zI4fS/C7K4c=
github.com/go-playground/locales v0.14.1/go.mod h1:hxLNzkgLOhnhQFhCVIyEYEe01q8s6x/DCS/x7A6+n7Y=
github.com/go-playground/universal-translator v0.18.1 h1:BzA1X7k/P/L1bS8x2A23Jg8l+nS3qXn86b5/N/0sD3g=
github.com/go-playground/universal-translator v0.18.1/go.mod h1:SsnLh7kE/h03L7l1hH0W9k/3m20Yx92K6tYVb/85V38=
github.com/go-playground/validator/v10 v10.14.0 h1:vgvQWe3XCzUkygjwujRFA8028FZfZ8zZ5t8iEa5a4jE=
github.com/go-playground/validator/v10 v10.14.0/go.mod h1:9iXM4LVxnnwJiWpDkG9YFkWiS9F0P/D0lqZkU10t8n8=
github.com/goccy/go-json v0.10.2 h1:CrKaLVBVfFnnKa5M3HMWhxD58S1WUDCAAC16nZwWFMw=
github.com/goccy/go-json v0.10.2/go.mod h1:6MelGf7GTRfiWoOnpUXKMvYTOxR54/EBAb4iWd851dY=
github.com/json-iterator/go v1.1.12 h1:PV8itQxKE/kVDAgmRVfvGQxZPvri4yoScEKEf9doVGE=
github.com/json-iterator/go v1.1.12/go.mod h1:e801jPyAYCzFuMuoNDESpEFv2Q5Y86gJ0eDcmgM7b5k=
github.com/klauspost/cpuid/v2 v2.2.4 h1:acv6HQaRJ23TvixnzE+vG8gBsZD5USIA6FzllCwEG9s=
github.com/klauspost/cpuid/v2 v2.2.4/go.mod h1:RV2prScKGWPjyMDQAsr3lLAjSUi0DPOiv5oN9wZ/b2o=
github.com/leodido/go-urn v1.2.4 h1:XjACGwn6vCEFvhM122328yD0j8UaF2kHOJ80g2Zc0Dk=
github.com/leodido/go-urn v1.2.4/go.mod h1:8wLnhJ398ZdtH7q3n9W2W52iL3qK2L/x4s3mNn55r28=
github.com/mattn/go-isatty v0.0.19 h1:JIT825A+uTf28+Pj1xZ5V7rXl+vG7HjM15jV61nN2uA=
github.com/mattn/go-isatty v0.0.19/go.mod h1:2736735tV2hY/1g7S79J35aW53M0a3n98tYw6a4Y3aA=
github.com/modern-go/concurrent v0.0.0-20180306012644-bacd9c7ef1dd h1:TRLaZ9cD/w8PVh93nsPXa1VrF6jlwL5oN8l2v3VQzUU=
github.com/modern-go/concurrent v0.0.0-20180306012644-bacd9c7ef1dd/go.mod h1:6dYo0mRH5nrLIWZYhZP29vofbZ0V6p0R2v0FfU867yU=
github.com/modern-go/reflect2 v1.0.2 h1:xBvW8294QcFnE6tE6eG2x08vS5s0F06Z6+7+gK4p1r8=
github.com/modern-go/reflect2 v1.0.2/go.mod h1:vN2gA447vJbWq49L1d52w5e1d556X0+wW9q7m5d0f/U=
github.com/pelletier/go-toml/v2 v2.0.8 h1:0CiB65pO8p63v02m+wBf5a9Xo3iN8g78x3f22l3y+dE=
github.com/pelletier/go-toml/v2 v2.0.8/go.mod h1:S63E3xM15qFk1W5K0y5f0967xL33n7XW675FjGg4jW0=
github.com/twitchyliquid64/golang-asm v0.15.1 h1:SU5vQU7E3xNFOgFB8xYhMRcv4yM40r66L92hD68z2W8=
github.com/twitchyliquid64/golang-asm v0.15.1/go.mod h1:a1lVb/GGEk2CXAUXf5skeRYfD21v93q+k15hJ5G26mE=
github.com/ugorji/go/codec v1.2.11 h1:BMaWp1mr6GfD9GjU6W5rL5w0c5A12z40nJtQ77o4g+M=
github.com/ugorji/go/codec v1.2.11/go.mod h1:k1XjFv8Z8nJ8XhE80j597C35K7J/L00bM51k0ZlW8jE=
golang.org/x/arch v0.3.0 h1:02V4a2J0nL1c7t4m1l6L5K8v7G9r2E7806509o+06kI=
golang.org/x/arch v0.3.0/go.mod h1:5om5g1n5eWp+5o7W9R/1s04Jp1nZ75x1K2sW/6m2h0A=
golang.org/x/crypto v0.9.0 h1:0L0wGz43VwS810P7Jk1b5J59fVjD66oZgD101d2Wn00=
golang.org/x/crypto v0.9.0/go.mod h1:TqY8p+zD2d3A/56K8P1sEwM0s8H+F4l2sA2W98K6660=
golang.org/x/net v0.10.0 h1:Z7D1E97qL2o54t2L5309sZ4f/s19v+5bM61m8E/5d+E=
golang.org/x/net v0.10.0/go.mod h1:SDl1LtwD557/s9h1t4M7t92wX5oR7Z6853sW85xZ88A=
golang.org/x/sys v0.8.0 h1:V4gCgK6T6S5z6rW8A3K8rXN5u8X0m2+5K7m1sWwJ300=
golang.org/x/sys v0.8.0/go.mod h1:oP4QRRbsfM6mQ7z28L15Jj2u0A1y6X/0Z8h28+Vp100=
golang.org/x/text v0.9.0 h1:29XwWwNn955M910hN3h+WJt5z7G42V8/0W+W7N3N5x0=
golang.org/x/text v0.9.0/go.mod h1:kSlA+xGj9sW+9K1E3jS6t1z3b3/mS2qA65jX2/8R6J4=
google.golang.org/protobuf v1.30.0 h1:kP7ab/vBnDOZ5n1h67hJJA41pPTzY5w2K+y2V2/sQ5w=
google.golang.org/protobuf v1.30.0/go.mod h1:hvP/oGg1o1gW91W78o/xN8JgT4h0+H/5lG+S6E84W4M=
gopkg.in/yaml.v3 v3.0.1 h1:fxVm/GzAzEWqLHuvctI91KS9cjN6aA45MNba71khj2M=
gopkg.in/yaml.v3 v3.0.1/go.mod h1:K4uyhtvICyYUB674vDYwUf1W55zs28b5J2S1r6Mh9t8=